Microsoft Visual Studio Solution File, Format Version 7.00
Project("{8BC9CEB8-8B4A-11D0-8D11-00A0C91BC942}") = "mpcinfo", "mpcinfo.vcproj", "{AF754B6B-75F8-4A8A-9A98-2E34DB02D4A8}"
EndProject
Global
	GlobalSection(SolutionConfiguration) = preSolution
		ConfigName.0 = Debug
		ConfigName.1 = Release
	EndGlobalSection
	GlobalSection(ProjectDependencies) = postSolution
	EndGlobalSection
	GlobalSection(ProjectConfiguration) = postSolution
		{AF754B6B-75F8-4A8A-9A98-2E34DB02D4A8}.Debug.ActiveCfg = Debug|Win32
		{AF754B6B-75F8-4A8A-9A98-2E34DB02D4A8}.Debug.Build.0 = Debug|Win32
		{AF754B6B-75F8-4A8A-9A98-2E34DB02D4A8}.Release.ActiveCfg = Release|Win32
		{AF754B6B-75F8-4A8A-9A98-2E34DB02D4A8}.Release.Build.0 = Release|Win32
	EndGlobalSection
	GlobalSection(ExtensibilityGlobals) = postSolution
	EndGlobalSection
	GlobalSection(ExtensibilityAddIns) = postSolution
	EndGlobalSection
EndGlobal
